
Microsoft Visual Studio Solution File, Format Version 12.00
# Visual Studio Version 16
VisualStudioVersion = 16.0.32630.194
MinimumVisualStudioVersion = 10.0.40219.1
Project("{FAE04EC0-301F-11D3-BF4B-00C04F79EFBC}") = "WeatherFE", "WeatherFE\WeatherFE.csproj", "{B079EE09-EEA2-4410-B82B-EFC6BEEA0C74}"
EndProject
Global
	GlobalSection(SolutionConfigurationPlatforms) = preSolution
		Debug|Any CPU = Debug|Any CPU
		Release|Any CPU = Release|Any CPU
	EndGlobalSection
	GlobalSection(ProjectConfigurationPlatforms) = postSolution
		{B079EE09-EEA2-4410-B82B-EFC6BEEA0C74}.Debug|Any CPU.ActiveCfg = Debug|Any CPU
		{B079EE09-EEA2-4410-B82B-EFC6BEEA0C74}.Debug|Any CPU.Build.0 = Debug|Any CPU
		{B079EE09-EEA2-4410-B82B-EFC6BEEA0C74}.Release|Any CPU.ActiveCfg = Release|Any CPU
		{B079EE09-EEA2-4410-B82B-EFC6BEEA0C74}.Release|Any CPU.Build.0 = Release|Any CPU
	EndGlobalSection
	GlobalSection(SolutionProperties) = preSolution
		HideSolutionNode = FALSE
	EndGlobalSection
	GlobalSection(ExtensibilityGlobals) = postSolution
		SolutionGuid = {810B7874-3E1D-4E07-96A9-95AD2E8CA328}
	EndGlobalSection
EndGlobal
